{
  "pins" : [
    {
      "identity" : "adsglobalpackage",
      "kind" : "remoteSourceControl",
      "location" : "https://github.com/bytedance/AdsGlobalPackage.git",
      "state" : {
        "revision" : "ec1676fabc04b77ff4b97bf9d9bbf7e0553eb407",
        "version" : "7.6.0-release.6"
      }
    },
    {
      "identity" : "ios-ssp-mediation-spm",
      "kind" : "remoteSourceControl",
      "location" : "https://github.com/Nasmedia-Tech/iOS-SSP-Mediation-SPM.git",
      "state" : {
        "revision" : "744a05628144fdea0de1f4e9119681ca1aaccf54",
        "version" : "2.1.4"
      }
    }
  ],
  "version" : 2
}
