{
  "pins" : [
    {
      "identity" : "adsglobalpackage",
      "kind" : "remoteSourceControl",
      "location" : "https://github.com/bytedance/AdsGlobalPackage.git",
      "state" : {
        "revision" : "ec1676fabc04b77ff4b97bf9d9bbf7e0553eb407",
        "version" : "7.6.0-release.6"
      }
    },
    {
      "identity" : "ios-ssp-mediation-spm",
      "kind" : "remoteSourceControl",
      "location" : "https://github.com/Nasmedia-Tech/iOS-SSP-Mediation-SPM.git",
      "state" : {
        "revision" : "3a2abd02f488483e72156913c669d477c39b9833",
        "version" : "2.1.7"
      }
    }
  ],
  "version" : 2
}
